
Microsoft Visual Studio Solution File, Format Version 12.00
# Visual Studio Version 16
VisualStudioVersion = 16.0.30413.136
MinimumVisualStudioVersion = 10.0.40219.1
Project("{FAE04EC0-301F-11D3-BF4B-00C04F79EFBC}") = "JSON_Pokemon_F", "JSON_Pokemon_F.csproj", "{5D3D7109-B621-40BF-AF9C-29343CB9B2EF}"
EndProject
Global
	GlobalSection(SolutionConfigurationPlatforms) = preSolution
		Debug|Any CPU = Debug|Any CPU
		Release|Any CPU = Release|Any CPU
	EndGlobalSection
	GlobalSection(ProjectConfigurationPlatforms) = postSolution
		{5D3D7109-B621-40BF-AF9C-29343CB9B2EF}.Debug|Any CPU.ActiveCfg = Debug|Any CPU
		{5D3D7109-B621-40BF-AF9C-29343CB9B2EF}.Debug|Any CPU.Build.0 = Debug|Any CPU
		{5D3D7109-B621-40BF-AF9C-29343CB9B2EF}.Release|Any CPU.ActiveCfg = Release|Any CPU
		{5D3D7109-B621-40BF-AF9C-29343CB9B2EF}.Release|Any CPU.Build.0 = Release|Any CPU
	EndGlobalSection
	GlobalSection(SolutionProperties) = preSolution
		HideSolutionNode = FALSE
	EndGlobalSection
	GlobalSection(ExtensibilityGlobals) = postSolution
		SolutionGuid = {AAA25BED-3BF2-423A-BCBF-E48E044E9C1B}
	EndGlobalSection
EndGlobal
